
Microsoft Visual Studio Solution File, Format Version 12.00
# Visual Studio Version 16
VisualStudioVersion = 16.0.30320.27
MinimumVisualStudioVersion = 10.0.40219.1
Project("{FAE04EC0-301F-11D3-BF4B-00C04F79EFBC}") = "OpenCVSharpTest", "OpenCVSharpTest\OpenCVSharpTest.csproj", "{725F5C41-32DE-40B2-9FDC-12D2113FDEE7}"
EndProject
Global
	GlobalSection(SolutionConfigurationPlatforms) = preSolution
		Debug|Any CPU = Debug|Any CPU
		Release|Any CPU = Release|Any CPU
	EndGlobalSection
	GlobalSection(ProjectConfigurationPlatforms) = postSolution
		{725F5C41-32DE-40B2-9FDC-12D2113FDEE7}.Debug|Any CPU.ActiveCfg = Debug|Any CPU
		{725F5C41-32DE-40B2-9FDC-12D2113FDEE7}.Debug|Any CPU.Build.0 = Debug|Any CPU
		{725F5C41-32DE-40B2-9FDC-12D2113FDEE7}.Release|Any CPU.ActiveCfg = Release|Any CPU
		{725F5C41-32DE-40B2-9FDC-12D2113FDEE7}.Release|Any CPU.Build.0 = Release|Any CPU
	EndGlobalSection
	GlobalSection(SolutionProperties) = preSolution
		HideSolutionNode = FALSE
	EndGlobalSection
	GlobalSection(ExtensibilityGlobals) = postSolution
		SolutionGuid = {A6C6E02D-5417-475B-AEC9-71FCA48EF773}
	EndGlobalSection
EndGlobal
